PODS:
  - Flutter (1.0.0)
  - flutter_secure_storage (6.0.0):
    - Flutter
  - path_provider_foundation (0.0.1):
    - Flutter
    - FlutterMacOS
  - webview_cookie_manager (0.0.1):
    - Flutter
  - webview_flutter_wkwebview (0.0.1):
    - Flutter
    - FlutterMacOS

DEPENDENCIES:
  - Flutter (from `Flutter`)
  - flutter_secure_storage (from `.symlinks/plugins/flutter_secure_storage/ios`)
  - path_provider_foundation (from `.symlinks/plugins/path_provider_foundation/darwin`)
  - webview_cookie_manager (from `.symlinks/plugins/webview_cookie_manager/ios`)
  - webview_flutter_wkwebview (from `.symlinks/plugins/webview_flutter_wkwebview/darwin`)

EXTERNAL SOURCES:
  Flutter:
    :path: Flutter
  flutter_secure_storage:
    :path: ".symlinks/plugins/flutter_secure_storage/ios"
  path_provider_foundation:
    :path: ".symlinks/plugins/path_provider_foundation/darwin"
  webview_cookie_manager:
    :path: ".symlinks/plugins/webview_cookie_manager/ios"
  webview_flutter_wkwebview:
    :path: ".symlinks/plugins/webview_flutter_wkwebview/darwin"

SPEC CHECKSUMS:
  Flutter: e0871f40cf51350855a761d2e70bf5af5b9b5de7
  flutter_secure_storage: 1ed9476fba7e7a782b22888f956cce43e2c62f13
  path_provider_foundation: 080d55be775b7414fd5a5ef3ac137b97b097e564
  webview_cookie_manager: d63a76cabdf42a7ea3d92768ac67d4853a1367f8
  webview_flutter_wkwebview: 1821ceac936eba6f7984d89a9f3bcb4dea99ebb2

PODFILE CHECKSUM: 80a156eb6ab1ee5b25bba493beb2ae583d03aa84

COCOAPODS: 1.16.2
